{
  "name": "test-shapes",
  "version": "1.0.0",
  "lockfileVersion": 2,
  "requires": true,
  "packages": {
    "": {
      "name": "test-shapes",
      "version": "1.0.0",
      "license": "ISC",
      "dependencies": {
        "mol": "^1.0.0"
      }
    },
    "node_modules/mokit": {
      "version": "4.0.0-beta9",
      "resolved": "https://registry.npmjs.org/mokit/-/mokit-4.0.0-beta9.tgz",
      "integrity": "sha512-3hGeszESbM3wMCzkx3JVR622NbE4F644bWR7FCvlksEQvP3sSEaKPBpbVFqcxpYPQnG/dYAhjbpnXzuk8tSWWQ=="
    },
    "node_modules/mol": {
      "version": "1.0.0",
      "resolved": "https://registry.npmjs.org/mol/-/mol-1.0.0.tgz",
      "integrity": "sha512-uuOwy3P1kcWZm1EaNzL8rVq+v+9qx5kXGJzwc4SegeT7kBRajOC4PV9iHVxS3JwAT1wgojh/ojAesgRkkmKwDw==",
      "dependencies": {
        "mokit": "^4.0.0-beta3",
        "ntils": "^3.1.5"
      }
    },
    "node_modules/ntils": {
      "version": "3.1.11",
      "resolved": "https://registry.npmjs.org/ntils/-/ntils-3.1.11.tgz",
      "integrity": "sha512-nHughq/vzfQE/7igQUc2a4k7dfVEZDX12/Q0XyBNrkr2fqweLfo5c4M20V1fJBxbEusF+6bV87lGSI+XblsdEg==",
      "deprecated": "No longer maintain"
    }
  },
  "dependencies": {
    "mokit": {
      "version": "4.0.0-beta9",
      "resolved": "https://registry.npmjs.org/mokit/-/mokit-4.0.0-beta9.tgz",
      "integrity": "sha512-3hGeszESbM3wMCzkx3JVR622NbE4F644bWR7FCvlksEQvP3sSEaKPBpbVFqcxpYPQnG/dYAhjbpnXzuk8tSWWQ=="
    },
    "mol": {
      "version": "1.0.0",
      "resolved": "https://registry.npmjs.org/mol/-/mol-1.0.0.tgz",
      "integrity": "sha512-uuOwy3P1kcWZm1EaNzL8rVq+v+9qx5kXGJzwc4SegeT7kBRajOC4PV9iHVxS3JwAT1wgojh/ojAesgRkkmKwDw==",
      "requires": {
        "mokit": "^4.0.0-beta3",
        "ntils": "^3.1.5"
      }
    },
    "ntils": {
      "version": "3.1.11",
      "resolved": "https://registry.npmjs.org/ntils/-/ntils-3.1.11.tgz",
      "integrity": "sha512-nHughq/vzfQE/7igQUc2a4k7dfVEZDX12/Q0XyBNrkr2fqweLfo5c4M20V1fJBxbEusF+6bV87lGSI+XblsdEg=="
    }
  }
}
